
Microsoft Visual Studio Solution File, Format Version 12.00
# Visual Studio Version 17
VisualStudioVersion = 17.3.32825.248
MinimumVisualStudioVersion = 10.0.40219.1
Project("{FAE04EC0-301F-11D3-BF4B-00C04F79EFBC}") = "ContractAPI", "ContractAPI\ContractAPI.csproj", "{DD37BEFC-832B-4FED-A0B2-2DB1CCB967F6}"
EndProject
Global
	GlobalSection(SolutionConfigurationPlatforms) = preSolution
		Debug|Any CPU = Debug|Any CPU
		Release|Any CPU = Release|Any CPU
	EndGlobalSection
	GlobalSection(ProjectConfigurationPlatforms) = postSolution
		{DD37BEFC-832B-4FED-A0B2-2DB1CCB967F6}.Debug|Any CPU.ActiveCfg = Debug|Any CPU
		{DD37BEFC-832B-4FED-A0B2-2DB1CCB967F6}.Debug|Any CPU.Build.0 = Debug|Any CPU
		{DD37BEFC-832B-4FED-A0B2-2DB1CCB967F6}.Release|Any CPU.ActiveCfg = Release|Any CPU
		{DD37BEFC-832B-4FED-A0B2-2DB1CCB967F6}.Release|Any CPU.Build.0 = Release|Any CPU
	EndGlobalSection
	GlobalSection(SolutionProperties) = preSolution
		HideSolutionNode = FALSE
	EndGlobalSection
	GlobalSection(ExtensibilityGlobals) = postSolution
		SolutionGuid = {A018974C-712A-49C7-B4AE-3D05508F5A62}
	EndGlobalSection
EndGlobal
